// !$*UTF8*$!
{
	archiveVersion = 1;
	classes = {
	};
	objectVersion = 50;
	objects = {

/* Begin PBXBuildFile section */
		3088A0512368AA2800EABBAA /* AppDelegate.swift in Sources */ = {isa = PBXBuildFile; fileRef = 3088A0502368AA2800EABBAA /* AppDelegate.swift */; };
		3088A0532368AA2800EABBAA /* ViewController.swift in Sources */ = {isa = PBXBuildFile; fileRef = 3088A0522368AA2800EABBAA /* ViewController.swift */; };
		3088A0562368AA2800EABBAA /* Main.storyboard in Resources */ = {isa = PBXBuildFile; fileRef = 3088A0542368AA2800EABBAA /* Main.storyboard */; };
		3088A0582368AA2800EABBAA /* Assets.xcassets in Resources */ = {isa = PBXBuildFile; fileRef = 3088A0572368AA2800EABBAA /* Assets.xcassets */; };
		3088A05B2368AA2800EABBAA /* LaunchScreen.storyboard in Resources */ = {isa = PBXBuildFile; fileRef = 3088A0592368AA2800EABBAA /* LaunchScreen.storyboard */; };
/* End PBXBuildFile section */

/* Begin PBXFileReference section */
		3088A04D2368AA2800EABBAA /* dontDeleteThis.app */ = {isa = PBXFileReference; explicitFileType = wrapper.application; includeInIndex = 0; path = dontDeleteThis.app; sourceTree = BUILT_PRODUCTS_DIR; };
		3088A0502368AA2800EABBAA /* AppDelegate.swift */ = {isa = PBXFileReference; lastKnownFileType = sourcecode.swift; path = AppDelegate.swift; sourceTree = "<group>"; };
		3088A0522368AA2800EABBAA /* ViewController.swift */ = {isa = PBXFileReference; lastKnownFileType = sourcecode.swift; path = ViewController.swift; sourceTree = "<group>"; };
		3088A0552368AA2800EABBAA /* Base */ = {isa = PBXFileReference; lastKnownFileType = file.storyboard; name = Base; path = Base.lproj/Main.storyboard; sourceTree = "<group>"; };
		3088A0572368AA2800EABBAA /* Assets.xcassets */ = {isa = PBXFileReference; lastKnownFileType = folder.assetcatalog; path = Assets.xcassets; sourceTree = "<group>"; };
		3088A05A2368AA2800EABBAA /* Base */ = {isa = PBXFileReference; lastKnownFileType = file.storyboard; name = Base; path = Base.lproj/LaunchScreen.storyboard; sourceTree = "<group>"; };
		3088A05C2368AA2800EABBAA /* Info.plist */ = {isa = PBXFileReference; lastKnownFileType = text.plist.xml; path = Info.plist; sourceTree = "<group>"; };
/* End PBXFileReference section */

/* Begin PBXFrameworksBuildPhase section */
		3088A04A2368AA2800EABBAA /* Frameworks */ = {
			isa = PBXFrameworksBuildPhase;
			buildActionMask = 2147483647;
			files = (
			);
			runOnlyForDeploymentPostprocessing = 0;
		};
/* End PBXFrameworksBuildPhase section */

/* Begin PBXGroup section */
		3088A0442368AA2800EABBAA = {
			isa = PBXGroup;
			children = (
				3088A04F2368AA2800EABBAA /* dontDeleteThis */,
				3088A04E2368AA2800EABBAA /* Products */,
			);
			sourceTree = "<group>";
		};
		3088A04E2368AA2800EABBAA /* Products */ = {
			isa = PBXGroup;
			children = (
				3088A04D2368AA2800EABBAA /* dontDeleteThis.app */,
			);
			name = Products;
			sourceTree = "<group>";
		};
		3088A04F2368AA2800EABBAA /* dontDeleteThis */ = {
			isa = PBXGroup;
			children = (
				3088A0502368AA2800EABBAA /* AppDelegate.swift */,
				3088A0522368AA2800EABBAA /* ViewController.swift */,
				3088A0542368AA2800EABBAA /* Main.storyboard */,
				3088A0572368AA2800EABBAA /* Assets.xcassets */,
				3088A0592368AA2800EABBAA /* LaunchScreen.storyboard */,
				3088A05C2368AA2800EABBAA /* Info.plist */,
			);
			path = dontDeleteThis;
			sourceTree = "<group>";
		};
/* End PBXGroup section */

/* Begin PBXNativeTarget section */
		3088A04C2368AA2800EABBAA /* dontDeleteThis */ = {
			isa = PBXNativeTarget;
			buildConfigurationList = 3088A05F2368AA2800EABBAA /* Build configuration list for PBXNativeTarget "dontDeleteThis" */;
			buildPhases = (
				3088A0492368AA2800EABBAA /* Sources */,
				3088A04A2368AA2800EABBAA /* Frameworks */,
				3088A04B2368AA2800EABBAA /* Resources */,
			);
			buildRules = (
			);
			dependencies = (
			);
			name = dontDeleteThis;
			productName = dontDeleteThis;
			productReference = 3088A04D2368AA2800EABBAA /* dontDeleteThis.app */;
			productType = "com.apple.product-type.application";
		};
/* End PBXNativeTarget section */

/* Begin PBXProject section */
		3088A0452368AA2800EABBAA /* Project object */ = {
			isa = PBXProject;
			attributes = {
				LastSwiftUpdateCheck = 1020;
				LastUpgradeCheck = 1020;
				ORGANIZATIONNAME = "Joshua Jay";
				TargetAttributes = {
					3088A04C2368AA2800EABBAA = {
						CreatedOnToolsVersion = 10.2.1;
					};
				};
			};
			buildConfigurationList = 3088A0482368AA2800EABBAA /* Build configuration list for PBXProject "dontDeleteThis" */;
			compatibilityVersion = "Xcode 9.3";
			developmentRegion = en;
			hasScannedForEncodings = 0;
			knownRegions = (
				en,
				Base,
			);
			mainGroup = 3088A0442368AA2800EABBAA;
			productRefGroup = 3088A04E2368AA2800EABBAA /* Products */;
			projectDirPath = "";
			projectRoot = "";
			targets = (
				3088A04C2368AA2800EABBAA /* dontDeleteThis */,
			);
		};
/* End PBXProject section */

/* Begin PBXResourcesBuildPhase section */
		3088A04B2368AA2800EABBAA /* Resources */ = {
			isa = PBXResourcesBuildPhase;
			buildActionMask = 2147483647;
			files = (
				3088A05B2368AA2800EABBAA /* LaunchScreen.storyboard in Resources */,
				3088A0582368AA2800EABBAA /* Assets.xcassets in Resources */,
				3088A0562368AA2800EABBAA /* Main.storyboard in Resources */,
			);
			runOnlyForDeploymentPostprocessing = 0;
		};
/* End PBXResourcesBuildPhase section */

/* Begin PBXSourcesBuildPhase section */
		3088A0492368AA2800EABBAA /* Sources */ = {
			isa = PBXSourcesBuildPhase;
			buildActionMask = 2147483647;
			files = (
				3088A0532368AA2800EABBAA /* ViewController.swift in Sources */,
				3088A0512368AA2800EABBAA /* AppDelegate.swift in Sources */,
			);
			runOnlyForDeploymentPostprocessing = 0;
		};
/* End PBXSourcesBuildPhase section */

/* Begin PBXVariantGroup section */
		3088A0542368AA2800EABBAA /* Main.storyboard */ = {
			isa = PBXVariantGroup;
			children = (
				3088A0552368AA2800EABBAA /* Base */,
			);
			name = Main.storyboard;
			sourceTree = "<group>";
		};
		3088A0592368AA2800EABBAA /* LaunchScreen.storyboard */ = {
			isa = PBXVariantGroup;
			children = (
				3088A05A2368AA2800EABBAA /* Base */,
			);
			name = LaunchScreen.storyboard;
			sourceTree = "<group>";
		};
/* End PBXVariantGroup section */

/* Begin XCBuildConfiguration section */
		3088A05D2368AA2800EABBAA /* Debug */ = {
			isa = XCBuildConfiguration;
			buildSettings = {
				ALWAYS_SEARCH_USER_PATHS = NO;
				CLANG_ANALYZER_NONNULL = YES;
				CLANG_ANALYZER_NUMBER_OBJECT_CONVERSION = YES_AGGRESSIVE;
				CLANG_CXX_LANGUAGE_STANDARD = "gnu++14";
				CLANG_CXX_LIBRARY = "libc++";
				CLANG_ENABLE_MODULES = YES;
				CLANG_ENABLE_OBJC_ARC = YES;
				CLANG_ENABLE_OBJC_WEAK = YES;
				CLANG_WARN_BLOCK_CAPTURE_AUTORELEASING = YES;
				CLANG_WARN_BOOL_CONVERSION = YES;
				CLANG_WARN_COMMA = YES;
				CLANG_WARN_CONSTANT_CONVERSION = YES;
				CLANG_WARN_DEPRECATED_OBJC_IMPLEMENTATIONS = YES;
				CLANG_WARN_DIRECT_OBJC_ISA_USAGE = YES_ERROR;
				CLANG_WARN_DOCUMENTATION_COMMENTS = YES;
				CLANG_WARN_EMPTY_BODY = YES;
				CLANG_WARN_ENUM_CONVERSION = YES;
				CLANG_WARN_INFINITE_RECURSION = YES;
				CLANG_WARN_INT_CONVERSION = YES;
				CLANG_WARN_NON_LITERAL_NULL_CONVERSION = YES;
				CLANG_WARN_OBJC_IMPLICIT_RETAIN_SELF = YES;
				CLANG_WARN_OBJC_LITERAL_CONVERSION = YES;
				CLANG_WARN_OBJC_ROOT_CLASS = YES_ERROR;
				CLANG_WARN_RANGE_LOOP_ANALYSIS = YES;
				CLANG_WARN_STRICT_PROTOTYPES = YES;
				CLANG_WARN_SUSPICIOUS_MOVE = YES;
				CLANG_WARN_UNGUARDED_AVAILABILITY = YES_AGGRESSIVE;
				CLANG_WARN_UNREACHABLE_CODE = YES;
				CLANG_WARN__DUPLICATE_METHOD_MATCH = YES;
				CODE_SIGN_IDENTITY = "iPhone Developer";
				COPY_PHASE_STRIP = NO;
				DEBUG_INFORMATION_FORMAT = dwarf;
				ENABLE_STRICT_OBJC_MSGSEND = YES;
				ENABLE_TESTABILITY = YES;
				GCC_C_LANGUAGE_STANDARD = gnu11;
				GCC_DYNAMIC_NO_PIC = NO;
				GCC_NO_COMMON_BLOCKS = YES;
				GCC_OPTIMIZATION_LEVEL = 0;
				GCC_PREPROCESSOR_DEFINITIONS = (
					"DEBUG=1",
					"$(inherited)",
				);
				GCC_WARN_64_TO_32_BIT_CONVERSION = YES;
				GCC_WARN_ABOUT_RETURN_TYPE = YES_ERROR;
				GCC_WARN_UNDECLARED_SELECTOR = YES;
				GCC_WARN_UNINITIALIZED_AUTOS = YES_AGGRESSIVE;
				GCC_WARN_UNUSED_FUNCTION = YES;
				GCC_WARN_UNUSED_VARIABLE = YES;
				IPHONEOS_DEPLOYMENT_TARGET = 12.2;
				MTL_ENABLE_DEBUG_INFO = INCLUDE_SOURCE;
				MTL_FAST_MATH = YES;
				ONLY_ACTIVE_ARCH = YES;
				SDKROOT = iphoneos;
				SWIFT_ACTIVE_COMPILATION_CONDITIONS = DEBUG;
				SWIFT_OPTIMIZATION_LEVEL = "-Onone";
			};
			name = Debug;
		};
		3088A05E2368AA2800EABBAA /* Release */ = {
			isa = XCBuildConfiguration;
			buildSettings = {
				ALWAYS_SEARCH_USER_PATHS = NO;
				CLANG_ANALYZER_NONNULL = YES;
				CLANG_ANALYZER_NUMBER_OBJECT_CONVERSION = YES_AGGRESSIVE;
				CLANG_CXX_LANGUAGE_STANDARD = "gnu++14";
				CLANG_CXX_LIBRARY = "libc++";
				CLANG_ENABLE_MODULES = YES;
				CLANG_ENABLE_OBJC_ARC = YES;
				CLANG_ENABLE_OBJC_WEAK = YES;
				CLANG_WARN_BLOCK_CAPTURE_AUTORELEASING = YES;
				CLANG_WARN_BOOL_CONVERSION = YES;
				CLANG_WARN_COMMA = YES;
				CLANG_WARN_CONSTANT_CONVERSION = YES;
				CLANG_WARN_DEPRECATED_OBJC_IMPLEMENTATIONS = YES;
				CLANG_WARN_DIRECT_OBJC_ISA_USAGE = YES_ERROR;
				CLANG_WARN_DOCUMENTATION_COMMENTS = YES;
				CLANG_WARN_EMPTY_BODY = YES;
				CLANG_WARN_ENUM_CONVERSION = YES;
				CLANG_WARN_INFINITE_RECURSION = YES;
				CLANG_WARN_INT_CONVERSION = YES;
				CLANG_WARN_NON_LITERAL_NULL_CONVERSION = YES;
				CLANG_WARN_OBJC_IMPLICIT_RETAIN_SELF = YES;
				CLANG_WARN_OBJC_LITERAL_CONVERSION = YES;
				CLANG_WARN_OBJC_ROOT_CLASS = YES_ERROR;
				CLANG_WARN_RANGE_LOOP_ANALYSIS = YES;
				CLANG_WARN_STRICT_PROTOTYPES = YES;
				CLANG_WARN_SUSPICIOUS_MOVE = YES;
				CLANG_WARN_UNGUARDED_AVAILABILITY = YES_AGGRESSIVE;
				CLANG_WARN_UNREACHABLE_CODE = YES;
				CLANG_WARN__DUPLICATE_METHOD_MATCH = YES;
				CODE_SIGN_IDENTITY = "iPhone Developer";
				COPY_PHASE_STRIP = NO;
				DEBUG_INFORMATION_FORMAT = "dwarf-with-dsym";
				ENABLE_NS_ASSERTIONS = NO;
				ENABLE_STRICT_OBJC_MSGSEND = YES;
				GCC_C_LANGUAGE_STANDARD = gnu11;
				GCC_NO_COMMON_BLOCKS = YES;
				GCC_WARN_64_TO_32_BIT_CONVERSION = YES;
				GCC_WARN_ABOUT_RETURN_TYPE = YES_ERROR;
				GCC_WARN_UNDECLARED_SELECTOR = YES;
				GCC_WARN_UNINITIALIZED_AUTOS = YES_AGGRESSIVE;
				GCC_WARN_UNUSED_FUNCTION = YES;
				GCC_WARN_UNUSED_VARIABLE = YES;
				IPHONEOS_DEPLOYMENT_TARGET = 12.2;
				MTL_ENABLE_DEBUG_INFO = NO;
				MTL_FAST_MATH = YES;
				SDKROOT = iphoneos;
				SWIFT_COMPILATION_MODE = wholemodule;
				SWIFT_OPTIMIZATION_LEVEL = "-O";
				VALIDATE_PRODUCT = YES;
			};
			name = Release;
		};
		3088A0602368AA2800EABBAA /* Debug */ = {
			isa = XCBuildConfiguration;
			buildSettings = {
				ASSETCATALOG_COMPILER_APPICON_NAME = AppIcon;
				CODE_SIGN_STYLE = Automatic;
				DEVELOPMENT_TEAM = TZ33ZW5K7L;
				INFOPLIST_FILE = dontDeleteThis/Info.plist;
				LD_RUNPATH_SEARCH_PATHS = (
					"$(inherited)",
					"@executable_path/Frameworks",
				);
				PRODUCT_BUNDLE_IDENTIFIER = ma2.dontDeleteThis;
				PRODUCT_NAME = "$(TARGET_NAME)";
				SWIFT_VERSION = 5.0;
				TARGETED_DEVICE_FAMILY = "1,2";
			};
			name = Debug;
		};
		3088A0612368AA2800EABBAA /* Release */ = {
			isa = XCBuildConfiguration;
			buildSettings = {
				ASSETCATALOG_COMPILER_APPICON_NAME = AppIcon;
				CODE_SIGN_STYLE = Automatic;
				DEVELOPMENT_TEAM = TZ33ZW5K7L;
				INFOPLIST_FILE = dontDeleteThis/Info.plist;
				LD_RUNPATH_SEARCH_PATHS = (
					"$(inherited)",
					"@executable_path/Frameworks",
				);
				PRODUCT_BUNDLE_IDENTIFIER = ma2.dontDeleteThis;
				PRODUCT_NAME = "$(TARGET_NAME)";
				SWIFT_VERSION = 5.0;
				TARGETED_DEVICE_FAMILY = "1,2";
			};
			name = Release;
		};
/* End XCBuildConfiguration section */

/* Begin XCConfigurationList section */
		3088A0482368AA2800EABBAA /* Build configuration list for PBXProject "dontDeleteThis" */ = {
			isa = XCConfigurationList;
			buildConfigurations = (
				3088A05D2368AA2800EABBAA /* Debug */,
				3088A05E2368AA2800EABBAA /* Release */,
			);
			defaultConfigurationIsVisible = 0;
			defaultConfigurationName = Release;
		};
		3088A05F2368AA2800EABBAA /* Build configuration list for PBXNativeTarget "dontDeleteThis" */ = {
			isa = XCConfigurationList;
			buildConfigurations = (
				3088A0602368AA2800EABBAA /* Debug */,
				3088A0612368AA2800EABBAA /* Release */,
			);
			defaultConfigurationIsVisible = 0;
			defaultConfigurationName = Release;
		};
/* End XCConfigurationList section */
	};
	rootObject = 3088A0452368AA2800EABBAA /* Project object */;
}
